// !$*UTF8*$!
{
	archiveVersion = 1;
	classes = {
	};
	objectVersion = 50;
	objects = {

/* Begin PBXBuildFile section */
		1C8C030526054F6500F89A80 /* AppDelegate.swift in Sources */ = {isa = PBXBuildFile; fileRef = 1C8C030426054F6500F89A80 /* AppDelegate.swift */; };
		1C8C030726054F6500F89A80 /* SceneDelegate.swift in Sources */ = {isa = PBXBuildFile; fileRef = 1C8C030626054F6500F89A80 /* SceneDelegate.swift */; };
		1C8C030926054F6500F89A80 /* ViewController.swift in Sources */ = {isa = PBXBuildFile; fileRef = 1C8C030826054F6500F89A80 /* ViewController.swift */; };
		1C8C030C26054F6500F89A80 /* Main.storyboard in Resources */ = {isa = PBXBuildFile; fileRef = 1C8C030A26054F6500F89A80 /* Main.storyboard */; };
		1C8C030E26054F6700F89A80 /* Assets.xcassets in Resources */ = {isa = PBXBuildFile; fileRef = 1C8C030D26054F6700F89A80 /* Assets.xcassets */; };
		1C8C031126054F6700F89A80 /* LaunchScreen.storyboard in Resources */ = {isa = PBXBuildFile; fileRef = 1C8C030F26054F6700F89A80 /* LaunchScreen.storyboard */; };
		1C8C031C26054F6700F89A80 /* InstagramTests.swift in Sources */ = {isa = PBXBuildFile; fileRef = 1C8C031B26054F6700F89A80 /* InstagramTests.swift */; };
		1C8C032726054F6700F89A80 /* InstagramUITests.swift in Sources */ = {isa = PBXBuildFile; fileRef = 1C8C032626054F6700F89A80 /* InstagramUITests.swift */; };
/* End PBXBuildFile section */

/* Begin PBXContainerItemProxy section */
		1C8C031826054F6700F89A80 /* PBXContainerItemProxy */ = {
			isa = PBXContainerItemProxy;
			containerPortal = 1C8C02F926054F6500F89A80 /* Project object */;
			proxyType = 1;
			remoteGlobalIDString = 1C8C030026054F6500F89A80;
			remoteInfo = Instagram;
		};
		1C8C032326054F6700F89A80 /* PBXContainerItemProxy */ = {
			isa = PBXContainerItemProxy;
			containerPortal = 1C8C02F926054F6500F89A80 /* Project object */;
			proxyType = 1;
			remoteGlobalIDString = 1C8C030026054F6500F89A80;
			remoteInfo = Instagram;
		};
/* End PBXContainerItemProxy section */

/* Begin PBXFileReference section */
		1C8C030126054F6500F89A80 /* Instagram.app */ = {isa = PBXFileReference; explicitFileType = wrapper.application; includeInIndex = 0; path = Instagram.app; sourceTree = BUILT_PRODUCTS_DIR; };
		1C8C030426054F6500F89A80 /* AppDelegate.swift */ = {isa = PBXFileReference; lastKnownFileType = sourcecode.swift; path = AppDelegate.swift; sourceTree = "<group>"; };
		1C8C030626054F6500F89A80 /* SceneDelegate.swift */ = {isa = PBXFileReference; lastKnownFileType = sourcecode.swift; path = SceneDelegate.swift; sourceTree = "<group>"; };
		1C8C030826054F6500F89A80 /* ViewController.swift */ = {isa = PBXFileReference; lastKnownFileType = sourcecode.swift; path = ViewController.swift; sourceTree = "<group>"; };
		1C8C030B26054F6500F89A80 /* Base */ = {isa = PBXFileReference; lastKnownFileType = file.storyboard; name = Base; path = Base.lproj/Main.storyboard; sourceTree = "<group>"; };
		1C8C030D26054F6700F89A80 /* Assets.xcassets */ = {isa = PBXFileReference; lastKnownFileType = folder.assetcatalog; path = Assets.xcassets; sourceTree = "<group>"; };
		1C8C031026054F6700F89A80 /* Base */ = {isa = PBXFileReference; lastKnownFileType = file.storyboard; name = Base; path = Base.lproj/LaunchScreen.storyboard; sourceTree = "<group>"; };
		1C8C031226054F6700F89A80 /* Info.plist */ = {isa = PBXFileReference; lastKnownFileType = text.plist.xml; path = Info.plist; sourceTree = "<group>"; };
		1C8C031726054F6700F89A80 /* InstagramTests.xctest */ = {isa = PBXFileReference; explicitFileType = wrapper.cfbundle; includeInIndex = 0; path = InstagramTests.xctest; sourceTree = BUILT_PRODUCTS_DIR; };
		1C8C031B26054F6700F89A80 /* InstagramTests.swift */ = {isa = PBXFileReference; lastKnownFileType = sourcecode.swift; path = InstagramTests.swift; sourceTree = "<group>"; };
		1C8C031D26054F6700F89A80 /* Info.plist */ = {isa = PBXFileReference; lastKnownFileType = text.plist.xml; path = Info.plist; sourceTree = "<group>"; };
		1C8C032226054F6700F89A80 /* InstagramUITests.xctest */ = {isa = PBXFileReference; explicitFileType = wrapper.cfbundle; includeInIndex = 0; path = InstagramUITests.xctest; sourceTree = BUILT_PRODUCTS_DIR; };
		1C8C032626054F6700F89A80 /* InstagramUITests.swift */ = {isa = PBXFileReference; lastKnownFileType = sourcecode.swift; path = InstagramUITests.swift; sourceTree = "<group>"; };
		1C8C032826054F6700F89A80 /* Info.plist */ = {isa = PBXFileReference; lastKnownFileType = text.plist.xml; path = Info.plist; sourceTree = "<group>"; };
/* End PBXFileReference section */

/* Begin PBXFrameworksBuildPhase section */
		1C8C02FE26054F6500F89A80 /* Frameworks */ = {
			isa = PBXFrameworksBuildPhase;
			buildActionMask = 2147483647;
			files = (
			);
			runOnlyForDeploymentPostprocessing = 0;
		};
		1C8C031426054F6700F89A80 /* Frameworks */ = {
			isa = PBXFrameworksBuildPhase;
			buildActionMask = 2147483647;
			files = (
			);
			runOnlyForDeploymentPostprocessing = 0;
		};
		1C8C031F26054F6700F89A80 /* Frameworks */ = {
			isa = PBXFrameworksBuildPhase;
			buildActionMask = 2147483647;
			files = (
			);
			runOnlyForDeploymentPostprocessing = 0;
		};
/* End PBXFrameworksBuildPhase section */

/* Begin PBXGroup section */
		1C8C02F826054F6500F89A80 = {
			isa = PBXGroup;
			children = (
				1C8C030326054F6500F89A80 /* Instagram */,
				1C8C031A26054F6700F89A80 /* InstagramTests */,
				1C8C032526054F6700F89A80 /* InstagramUITests */,
				1C8C030226054F6500F89A80 /* Products */,
			);
			sourceTree = "<group>";
		};
		1C8C030226054F6500F89A80 /* Products */ = {
			isa = PBXGroup;
			children = (
				1C8C030126054F6500F89A80 /* Instagram.app */,
				1C8C031726054F6700F89A80 /* InstagramTests.xctest */,
				1C8C032226054F6700F89A80 /* InstagramUITests.xctest */,
			);
			name = Products;
			sourceTree = "<group>";
		};
		1C8C030326054F6500F89A80 /* Instagram */ = {
			isa = PBXGroup;
			children = (
				1C8C030426054F6500F89A80 /* AppDelegate.swift */,
				1C8C030626054F6500F89A80 /* SceneDelegate.swift */,
				1C8C030826054F6500F89A80 /* ViewController.swift */,
				1C8C030A26054F6500F89A80 /* Main.storyboard */,
				1C8C030D26054F6700F89A80 /* Assets.xcassets */,
				1C8C030F26054F6700F89A80 /* LaunchScreen.storyboard */,
				1C8C031226054F6700F89A80 /* Info.plist */,
			);
			path = Instagram;
			sourceTree = "<group>";
		};
		1C8C031A26054F6700F89A80 /* InstagramTests */ = {
			isa = PBXGroup;
			children = (
				1C8C031B26054F6700F89A80 /* InstagramTests.swift */,
				1C8C031D26054F6700F89A80 /* Info.plist */,
			);
			path = InstagramTests;
			sourceTree = "<group>";
		};
		1C8C032526054F6700F89A80 /* InstagramUITests */ = {
			isa = PBXGroup;
			children = (
				1C8C032626054F6700F89A80 /* InstagramUITests.swift */,
				1C8C032826054F6700F89A80 /* Info.plist */,
			);
			path = InstagramUITests;
			sourceTree = "<group>";
		};
/* End PBXGroup section */

/* Begin PBXNativeTarget section */
		1C8C030026054F6500F89A80 /* Instagram */ = {
			isa = PBXNativeTarget;
			buildConfigurationList = 1C8C032B26054F6700F89A80 /* Build configuration list for PBXNativeTarget "Instagram" */;
			buildPhases = (
				1C8C02FD26054F6500F89A80 /* Sources */,
				1C8C02FE26054F6500F89A80 /* Frameworks */,
				1C8C02FF26054F6500F89A80 /* Resources */,
			);
			buildRules = (
			);
			dependencies = (
			);
			name = Instagram;
			productName = Instagram;
			productReference = 1C8C030126054F6500F89A80 /* Instagram.app */;
			productType = "com.apple.product-type.application";
		};
		1C8C031626054F6700F89A80 /* InstagramTests */ = {
			isa = PBXNativeTarget;
			buildConfigurationList = 1C8C032E26054F6700F89A80 /* Build configuration list for PBXNativeTarget "InstagramTests" */;
			buildPhases = (
				1C8C031326054F6700F89A80 /* Sources */,
				1C8C031426054F6700F89A80 /* Frameworks */,
				1C8C031526054F6700F89A80 /* Resources */,
			);
			buildRules = (
			);
			dependencies = (
				1C8C031926054F6700F89A80 /* PBXTargetDependency */,
			);
			name = InstagramTests;
			productName = InstagramTests;
			productReference = 1C8C031726054F6700F89A80 /* InstagramTests.xctest */;
			productType = "com.apple.product-type.bundle.unit-test";
		};
		1C8C032126054F6700F89A80 /* InstagramUITests */ = {
			isa = PBXNativeTarget;
			buildConfigurationList = 1C8C033126054F6700F89A80 /* Build configuration list for PBXNativeTarget "InstagramUITests" */;
			buildPhases = (
				1C8C031E26054F6700F89A80 /* Sources */,
				1C8C031F26054F6700F89A80 /* Frameworks */,
				1C8C032026054F6700F89A80 /* Resources */,
			);
			buildRules = (
			);
			dependencies = (
				1C8C032426054F6700F89A80 /* PBXTargetDependency */,
			);
			name = InstagramUITests;
			productName = InstagramUITests;
			productReference = 1C8C032226054F6700F89A80 /* InstagramUITests.xctest */;
			productType = "com.apple.product-type.bundle.ui-testing";
		};
/* End PBXNativeTarget section */

/* Begin PBXProject section */
		1C8C02F926054F6500F89A80 /* Project object */ = {
			isa = PBXProject;
			attributes = {
				LastSwiftUpdateCheck = 1240;
				LastUpgradeCheck = 1240;
				TargetAttributes = {
					1C8C030026054F6500F89A80 = {
						CreatedOnToolsVersion = 12.4;
					};
					1C8C031626054F6700F89A80 = {
						CreatedOnToolsVersion = 12.4;
						TestTargetID = 1C8C030026054F6500F89A80;
					};
					1C8C032126054F6700F89A80 = {
						CreatedOnToolsVersion = 12.4;
						TestTargetID = 1C8C030026054F6500F89A80;
					};
				};
			};
			buildConfigurationList = 1C8C02FC26054F6500F89A80 /* Build configuration list for PBXProject "Instagram" */;
			compatibilityVersion = "Xcode 9.3";
			developmentRegion = en;
			hasScannedForEncodings = 0;
			knownRegions = (
				en,
				Base,
			);
			mainGroup = 1C8C02F826054F6500F89A80;
			productRefGroup = 1C8C030226054F6500F89A80 /* Products */;
			projectDirPath = "";
			projectRoot = "";
			targets = (
				1C8C030026054F6500F89A80 /* Instagram */,
				1C8C031626054F6700F89A80 /* InstagramTests */,
				1C8C032126054F6700F89A80 /* InstagramUITests */,
			);
		};
/* End PBXProject section */

/* Begin PBXResourcesBuildPhase section */
		1C8C02FF26054F6500F89A80 /* Resources */ = {
			isa = PBXResourcesBuildPhase;
			buildActionMask = 2147483647;
			files = (
				1C8C031126054F6700F89A80 /* LaunchScreen.storyboard in Resources */,
				1C8C030E26054F6700F89A80 /* Assets.xcassets in Resources */,
				1C8C030C26054F6500F89A80 /* Main.storyboard in Resources */,
			);
			runOnlyForDeploymentPostprocessing = 0;
		};
		1C8C031526054F6700F89A80 /* Resources */ = {
			isa = PBXResourcesBuildPhase;
			buildActionMask = 2147483647;
			files = (
			);
			runOnlyForDeploymentPostprocessing = 0;
		};
		1C8C032026054F6700F89A80 /* Resources */ = {
			isa = PBXResourcesBuildPhase;
			buildActionMask = 2147483647;
			files = (
			);
			runOnlyForDeploymentPostprocessing = 0;
		};
/* End PBXResourcesBuildPhase section */

/* Begin PBXSourcesBuildPhase section */
		1C8C02FD26054F6500F89A80 /* Sources */ = {
			isa = PBXSourcesBuildPhase;
			buildActionMask = 2147483647;
			files = (
				1C8C030926054F6500F89A80 /* ViewController.swift in Sources */,
				1C8C030526054F6500F89A80 /* AppDelegate.swift in Sources */,
				1C8C030726054F6500F89A80 /* SceneDelegate.swift in Sources */,
			);
			runOnlyForDeploymentPostprocessing = 0;
		};
		1C8C031326054F6700F89A80 /* Sources */ = {
			isa = PBXSourcesBuildPhase;
			buildActionMask = 2147483647;
			files = (
				1C8C031C26054F6700F89A80 /* InstagramTests.swift in Sources */,
			);
			runOnlyForDeploymentPostprocessing = 0;
		};
		1C8C031E26054F6700F89A80 /* Sources */ = {
			isa = PBXSourcesBuildPhase;
			buildActionMask = 2147483647;
			files = (
				1C8C032726054F6700F89A80 /* InstagramUITests.swift in Sources */,
			);
			runOnlyForDeploymentPostprocessing = 0;
		};
/* End PBXSourcesBuildPhase section */

/* Begin PBXTargetDependency section */
		1C8C031926054F6700F89A80 /* PBXTargetDependency */ = {
			isa = PBXTargetDependency;
			target = 1C8C030026054F6500F89A80 /* Instagram */;
			targetProxy = 1C8C031826054F6700F89A80 /* PBXContainerItemProxy */;
		};
		1C8C032426054F6700F89A80 /* PBXTargetDependency */ = {
			isa = PBXTargetDependency;
			target = 1C8C030026054F6500F89A80 /* Instagram */;
			targetProxy = 1C8C032326054F6700F89A80 /* PBXContainerItemProxy */;
		};
/* End PBXTargetDependency section */

/* Begin PBXVariantGroup section */
		1C8C030A26054F6500F89A80 /* Main.storyboard */ = {
			isa = PBXVariantGroup;
			children = (
				1C8C030B26054F6500F89A80 /* Base */,
			);
			name = Main.storyboard;
			sourceTree = "<group>";
		};
		1C8C030F26054F6700F89A80 /* LaunchScreen.storyboard */ = {
			isa = PBXVariantGroup;
			children = (
				1C8C031026054F6700F89A80 /* Base */,
			);
			name = LaunchScreen.storyboard;
			sourceTree = "<group>";
		};
/* End PBXVariantGroup section */

/* Begin XCBuildConfiguration section */
		1C8C032926054F6700F89A80 /* Debug */ = {
			isa = XCBuildConfiguration;
			buildSettings = {
				ALWAYS_SEARCH_USER_PATHS = NO;
				CLANG_ANALYZER_NONNULL = YES;
				CLANG_ANALYZER_NUMBER_OBJECT_CONVERSION = YES_AGGRESSIVE;
				CLANG_CXX_LANGUAGE_STANDARD = "gnu++14";
				CLANG_CXX_LIBRARY = "libc++";
				CLANG_ENABLE_MODULES = YES;
				CLANG_ENABLE_OBJC_ARC = YES;
				CLANG_ENABLE_OBJC_WEAK = YES;
				CLANG_WARN_BLOCK_CAPTURE_AUTORELEASING = YES;
				CLANG_WARN_BOOL_CONVERSION = YES;
				CLANG_WARN_COMMA = YES;
				CLANG_WARN_CONSTANT_CONVERSION = YES;
				CLANG_WARN_DEPRECATED_OBJC_IMPLEMENTATIONS = YES;
				CLANG_WARN_DIRECT_OBJC_ISA_USAGE = YES_ERROR;
				CLANG_WARN_DOCUMENTATION_COMMENTS = YES;
				CLANG_WARN_EMPTY_BODY = YES;
				CLANG_WARN_ENUM_CONVERSION = YES;
				CLANG_WARN_INFINITE_RECURSION = YES;
				CLANG_WARN_INT_CONVERSION = YES;
				CLANG_WARN_NON_LITERAL_NULL_CONVERSION = YES;
				CLANG_WARN_OBJC_IMPLICIT_RETAIN_SELF = YES;
				CLANG_WARN_OBJC_LITERAL_CONVERSION = YES;
				CLANG_WARN_OBJC_ROOT_CLASS = YES_ERROR;
				CLANG_WARN_QUOTED_INCLUDE_IN_FRAMEWORK_HEADER = YES;
				CLANG_WARN_RANGE_LOOP_ANALYSIS = YES;
				CLANG_WARN_STRICT_PROTOTYPES = YES;
				CLANG_WARN_SUSPICIOUS_MOVE = YES;
				CLANG_WARN_UNGUARDED_AVAILABILITY = YES_AGGRESSIVE;
				CLANG_WARN_UNREACHABLE_CODE = YES;
				CLANG_WARN__DUPLICATE_METHOD_MATCH = YES;
				COPY_PHASE_STRIP = NO;
				DEBUG_INFORMATION_FORMAT = dwarf;
				ENABLE_STRICT_OBJC_MSGSEND = YES;
				ENABLE_TESTABILITY = YES;
				GCC_C_LANGUAGE_STANDARD = gnu11;
				GCC_DYNAMIC_NO_PIC = NO;
				GCC_NO_COMMON_BLOCKS = YES;
				GCC_OPTIMIZATION_LEVEL = 0;
				GCC_PREPROCESSOR_DEFINITIONS = (
					"DEBUG=1",
					"$(inherited)",
				);
				GCC_WARN_64_TO_32_BIT_CONVERSION = YES;
				GCC_WARN_ABOUT_RETURN_TYPE = YES_ERROR;
				GCC_WARN_UNDECLARED_SELECTOR = YES;
				GCC_WARN_UNINITIALIZED_AUTOS = YES_AGGRESSIVE;
				GCC_WARN_UNUSED_FUNCTION = YES;
				GCC_WARN_UNUSED_VARIABLE = YES;
				IPHONEOS_DEPLOYMENT_TARGET = 14.4;
				MTL_ENABLE_DEBUG_INFO = INCLUDE_SOURCE;
				MTL_FAST_MATH = YES;
				ONLY_ACTIVE_ARCH = YES;
				SDKROOT = iphoneos;
				SWIFT_ACTIVE_COMPILATION_CONDITIONS = DEBUG;
				SWIFT_OPTIMIZATION_LEVEL = "-Onone";
			};
			name = Debug;
		};
		1C8C032A26054F6700F89A80 /* Release */ = {
			isa = XCBuildConfiguration;
			buildSettings = {
				ALWAYS_SEARCH_USER_PATHS = NO;
				CLANG_ANALYZER_NONNULL = YES;
				CLANG_ANALYZER_NUMBER_OBJECT_CONVERSION = YES_AGGRESSIVE;
				CLANG_CXX_LANGUAGE_STANDARD = "gnu++14";
				CLANG_CXX_LIBRARY = "libc++";
				CLANG_ENABLE_MODULES = YES;
				CLANG_ENABLE_OBJC_ARC = YES;
				CLANG_ENABLE_OBJC_WEAK = YES;
				CLANG_WARN_BLOCK_CAPTURE_AUTORELEASING = YES;
				CLANG_WARN_BOOL_CONVERSION = YES;
				CLANG_WARN_COMMA = YES;
				CLANG_WARN_CONSTANT_CONVERSION = YES;
				CLANG_WARN_DEPRECATED_OBJC_IMPLEMENTATIONS = YES;
				CLANG_WARN_DIRECT_OBJC_ISA_USAGE = YES_ERROR;
				CLANG_WARN_DOCUMENTATION_COMMENTS = YES;
				CLANG_WARN_EMPTY_BODY = YES;
				CLANG_WARN_ENUM_CONVERSION = YES;
				CLANG_WARN_INFINITE_RECURSION = YES;
				CLANG_WARN_INT_CONVERSION = YES;
				CLANG_WARN_NON_LITERAL_NULL_CONVERSION = YES;
				CLANG_WARN_OBJC_IMPLICIT_RETAIN_SELF = YES;
				CLANG_WARN_OBJC_LITERAL_CONVERSION = YES;
				CLANG_WARN_OBJC_ROOT_CLASS = YES_ERROR;
				CLANG_WARN_QUOTED_INCLUDE_IN_FRAMEWORK_HEADER = YES;
				CLANG_WARN_RANGE_LOOP_ANALYSIS = YES;
				CLANG_WARN_STRICT_PROTOTYPES = YES;
				CLANG_WARN_SUSPICIOUS_MOVE = YES;
				CLANG_WARN_UNGUARDED_AVAILABILITY = YES_AGGRESSIVE;
				CLANG_WARN_UNREACHABLE_CODE = YES;
				CLANG_WARN__DUPLICATE_METHOD_MATCH = YES;
				COPY_PHASE_STRIP = NO;
				DEBUG_INFORMATION_FORMAT = "dwarf-with-dsym";
				ENABLE_NS_ASSERTIONS = NO;
				ENABLE_STRICT_OBJC_MSGSEND = YES;
				GCC_C_LANGUAGE_STANDARD = gnu11;
				GCC_NO_COMMON_BLOCKS = YES;
				GCC_WARN_64_TO_32_BIT_CONVERSION = YES;
				GCC_WARN_ABOUT_RETURN_TYPE = YES_ERROR;
				GCC_WARN_UNDECLARED_SELECTOR = YES;
				GCC_WARN_UNINITIALIZED_AUTOS = YES_AGGRESSIVE;
				GCC_WARN_UNUSED_FUNCTION = YES;
				GCC_WARN_UNUSED_VARIABLE = YES;
				IPHONEOS_DEPLOYMENT_TARGET = 14.4;
				MTL_ENABLE_DEBUG_INFO = NO;
				MTL_FAST_MATH = YES;
				SDKROOT = iphoneos;
				SWIFT_COMPILATION_MODE = wholemodule;
				SWIFT_OPTIMIZATION_LEVEL = "-O";
				VALIDATE_PRODUCT = YES;
			};
			name = Release;
		};
		1C8C032C26054F6700F89A80 /* Debug */ = {
			isa = XCBuildConfiguration;
			buildSettings = {
				ASSETCATALOG_COMPILER_APPICON_NAME = AppIcon;
				ASSETCATALOG_COMPILER_GLOBAL_ACCENT_COLOR_NAME = AccentColor;
				CODE_SIGN_STYLE = Automatic;
				DEVELOPMENT_TEAM = 52753F7VBZ;
				INFOPLIST_FILE = Instagram/Info.plist;
				LD_RUNPATH_SEARCH_PATHS = (
					"$(inherited)",
					"@executable_path/Frameworks",
				);
				PRODUCT_BUNDLE_IDENTIFIER = memo.com.Instagram;
				PRODUCT_NAME = "$(TARGET_NAME)";
				SWIFT_VERSION = 5.0;
				TARGETED_DEVICE_FAMILY = "1,2";
			};
			name = Debug;
		};
		1C8C032D26054F6700F89A80 /* Release */ = {
			isa = XCBuildConfiguration;
			buildSettings = {
				ASSETCATALOG_COMPILER_APPICON_NAME = AppIcon;
				ASSETCATALOG_COMPILER_GLOBAL_ACCENT_COLOR_NAME = AccentColor;
				CODE_SIGN_STYLE = Automatic;
				DEVELOPMENT_TEAM = 52753F7VBZ;
				INFOPLIST_FILE = Instagram/Info.plist;
				LD_RUNPATH_SEARCH_PATHS = (
					"$(inherited)",
					"@executable_path/Frameworks",
				);
				PRODUCT_BUNDLE_IDENTIFIER = memo.com.Instagram;
				PRODUCT_NAME = "$(TARGET_NAME)";
				SWIFT_VERSION = 5.0;
				TARGETED_DEVICE_FAMILY = "1,2";
			};
			name = Release;
		};
		1C8C032F26054F6700F89A80 /* Debug */ = {
			isa = XCBuildConfiguration;
			buildSettings = {
				ALWAYS_EMBED_SWIFT_STANDARD_LIBRARIES = YES;
				BUNDLE_LOADER = "$(TEST_HOST)";
				CODE_SIGN_STYLE = Automatic;
				DEVELOPMENT_TEAM = 52753F7VBZ;
				INFOPLIST_FILE = InstagramTests/Info.plist;
				IPHONEOS_DEPLOYMENT_TARGET = 14.4;
				LD_RUNPATH_SEARCH_PATHS = (
					"$(inherited)",
					"@executable_path/Frameworks",
					"@loader_path/Frameworks",
				);
				PRODUCT_BUNDLE_IDENTIFIER = memo.com.InstagramTests;
				PRODUCT_NAME = "$(TARGET_NAME)";
				SWIFT_VERSION = 5.0;
				TARGETED_DEVICE_FAMILY = "1,2";
				TEST_HOST = "$(BUILT_PRODUCTS_DIR)/Instagram.app/Instagram";
			};
			name = Debug;
		};
		1C8C033026054F6700F89A80 /* Release */ = {
			isa = XCBuildConfiguration;
			buildSettings = {
				ALWAYS_EMBED_SWIFT_STANDARD_LIBRARIES = YES;
				BUNDLE_LOADER = "$(TEST_HOST)";
				CODE_SIGN_STYLE = Automatic;
				DEVELOPMENT_TEAM = 52753F7VBZ;
				INFOPLIST_FILE = InstagramTests/Info.plist;
				IPHONEOS_DEPLOYMENT_TARGET = 14.4;
				LD_RUNPATH_SEARCH_PATHS = (
					"$(inherited)",
					"@executable_path/Frameworks",
					"@loader_path/Frameworks",
				);
				PRODUCT_BUNDLE_IDENTIFIER = memo.com.InstagramTests;
				PRODUCT_NAME = "$(TARGET_NAME)";
				SWIFT_VERSION = 5.0;
				TARGETED_DEVICE_FAMILY = "1,2";
				TEST_HOST = "$(BUILT_PRODUCTS_DIR)/Instagram.app/Instagram";
			};
			name = Release;
		};
		1C8C033226054F6700F89A80 /* Debug */ = {
			isa = XCBuildConfiguration;
			buildSettings = {
				ALWAYS_EMBED_SWIFT_STANDARD_LIBRARIES = YES;
				CODE_SIGN_STYLE = Automatic;
				DEVELOPMENT_TEAM = 52753F7VBZ;
				INFOPLIST_FILE = InstagramUITests/Info.plist;
				LD_RUNPATH_SEARCH_PATHS = (
					"$(inherited)",
					"@executable_path/Frameworks",
					"@loader_path/Frameworks",
				);
				PRODUCT_BUNDLE_IDENTIFIER = memo.com.InstagramUITests;
				PRODUCT_NAME = "$(TARGET_NAME)";
				SWIFT_VERSION = 5.0;
				TARGETED_DEVICE_FAMILY = "1,2";
				TEST_TARGET_NAME = Instagram;
			};
			name = Debug;
		};
		1C8C033326054F6700F89A80 /* Release */ = {
			isa = XCBuildConfiguration;
			buildSettings = {
				ALWAYS_EMBED_SWIFT_STANDARD_LIBRARIES = YES;
				CODE_SIGN_STYLE = Automatic;
				DEVELOPMENT_TEAM = 52753F7VBZ;
				INFOPLIST_FILE = InstagramUITests/Info.plist;
				LD_RUNPATH_SEARCH_PATHS = (
					"$(inherited)",
					"@executable_path/Frameworks",
					"@loader_path/Frameworks",
				);
				PRODUCT_BUNDLE_IDENTIFIER = memo.com.InstagramUITests;
				PRODUCT_NAME = "$(TARGET_NAME)";
				SWIFT_VERSION = 5.0;
				TARGETED_DEVICE_FAMILY = "1,2";
				TEST_TARGET_NAME = Instagram;
			};
			name = Release;
		};
/* End XCBuildConfiguration section */

/* Begin XCConfigurationList section */
		1C8C02FC26054F6500F89A80 /* Build configuration list for PBXProject "Instagram" */ = {
			isa = XCConfigurationList;
			buildConfigurations = (
				1C8C032926054F6700F89A80 /* Debug */,
				1C8C032A26054F6700F89A80 /* Release */,
			);
			defaultConfigurationIsVisible = 0;
			defaultConfigurationName = Release;
		};
		1C8C032B26054F6700F89A80 /* Build configuration list for PBXNativeTarget "Instagram" */ = {
			isa = XCConfigurationList;
			buildConfigurations = (
				1C8C032C26054F6700F89A80 /* Debug */,
				1C8C032D26054F6700F89A80 /* Release */,
			);
			defaultConfigurationIsVisible = 0;
			defaultConfigurationName = Release;
		};
		1C8C032E26054F6700F89A80 /* Build configuration list for PBXNativeTarget "InstagramTests" */ = {
			isa = XCConfigurationList;
			buildConfigurations = (
				1C8C032F26054F6700F89A80 /* Debug */,
				1C8C033026054F6700F89A80 /* Release */,
			);
			defaultConfigurationIsVisible = 0;
			defaultConfigurationName = Release;
		};
		1C8C033126054F6700F89A80 /* Build configuration list for PBXNativeTarget "InstagramUITests" */ = {
			isa = XCConfigurationList;
			buildConfigurations = (
				1C8C033226054F6700F89A80 /* Debug */,
				1C8C033326054F6700F89A80 /* Release */,
			);
			defaultConfigurationIsVisible = 0;
			defaultConfigurationName = Release;
		};
/* End XCConfigurationList section */
	};
	rootObject = 1C8C02F926054F6500F89A80 /* Project object */;
}
